# This file was autogenerated by Stack.
# You should not edit this file by hand.
# For more information, please see the documentation at:
#   https://docs.haskellstack.org/en/stable/lock_files

packages:
- completed:
    hackage: regex-applicative-0.3.4@sha256:a8a15d4e053bab8e97428c62c9c2afa2420ad4e67f87e9bec64a22b3cc0e9f48,2609
    pantry-tree:
      sha256: c000c89989b64661a9bcabef1beeb6ad4713697eb371bdf9576526d460330fbd
      size: 1076
  original:
    hackage: regex-applicative-0.3.4@sha256:a8a15d4e053bab8e97428c62c9c2afa2420ad4e67f87e9bec64a22b3cc0e9f48,2609
- completed:
    hackage: split-0.2.3.5@sha256:f472fa7019647cacac3267742a6f7ac0a5c816f9890e80e4b826cd937436de87,2646
    pantry-tree:
      sha256: 516449cf535bbfc78cf1a5795d28dd1e0f19b65a07c33a78b45566101fecc534
      size: 439
  original:
    hackage: split-0.2.3.5@sha256:f472fa7019647cacac3267742a6f7ac0a5c816f9890e80e4b826cd937436de87,2646
- completed:
    hackage: filtrable-0.1.6.0@sha256:7e6fbfc8fffbbae46a5742065dd14e72f65ed2cd7bb3a8a32dbd86c6e4eec169,1825
    pantry-tree:
      sha256: c75d560af772af31db52401a905c850e8df1c474906fb0badee6ee064379a674
      size: 278
  original:
    hackage: filtrable-0.1.6.0@sha256:7e6fbfc8fffbbae46a5742065dd14e72f65ed2cd7bb3a8a32dbd86c6e4eec169,1825
- completed:
    hackage: HUnit-1.6.2.0@sha256:1a79174e8af616117ad39464cac9de205ca923da6582825e97c10786fda933a4,1588
    pantry-tree:
      sha256: 4f20a5a33866171260d0ee1e256c27f53cc84d37a68d498c3e12347f4e3d05b4
      size: 878
  original:
    hackage: HUnit-1.6.2.0@sha256:1a79174e8af616117ad39464cac9de205ca923da6582825e97c10786fda933a4,1588
- completed:
    hackage: call-stack-0.4.0@sha256:ac44d2c00931dc20b01750da8c92ec443eb63a7231e8550188cb2ac2385f7feb,1200
    pantry-tree:
      sha256: 04134fa69cdd824b4e4bb7f77e7173e0705f27deabdbbf99549c549400191e1e
      size: 501
  original:
    hackage: call-stack-0.4.0@sha256:ac44d2c00931dc20b01750da8c92ec443eb63a7231e8550188cb2ac2385f7feb,1200
- completed:
    hackage: megaparsec-9.2.2@sha256:c306a135ec25d91d252032c6128f03598a00e87ea12fcf5fc4878fdffc75c768,3219
    pantry-tree:
      sha256: db9715d6910e64d3bbfce69895042a66fcdcd64a54805563834bf0821562b74f
      size: 1518
  original:
    hackage: megaparsec-9.2.2@sha256:c306a135ec25d91d252032c6128f03598a00e87ea12fcf5fc4878fdffc75c768,3219
- completed:
    hackage: case-insensitive-1.2.1.0@sha256:9dfd3171fc7698cf8d931727d3af3a7b389135b583e46b5adac1f9d2026fff61,2244
    pantry-tree:
      sha256: d6f175b17eacce002fc5336c17e119d989bd97f8ad9702446163c9e27c7c79b7
      size: 688
  original:
    hackage: case-insensitive-1.2.1.0@sha256:9dfd3171fc7698cf8d931727d3af3a7b389135b583e46b5adac1f9d2026fff61,2244
- completed:
    hackage: parser-combinators-1.3.0@sha256:edd54ba56cbae8fadbcceebcfef31b2c70a835e92e5eda41151b939c40647281,1570
    pantry-tree:
      sha256: 0754c8d3f213156877f8085da2ad74433167a6c30272b8b64119a2628bd7ade0
      size: 795
  original:
    hackage: parser-combinators-1.3.0@sha256:edd54ba56cbae8fadbcceebcfef31b2c70a835e92e5eda41151b939c40647281,1570
- completed:
    hackage: scientific-0.3.7.0@sha256:517444c944dad9db8235d7b311d7b9a0839a519ee3178288b5a9606256e0c7d8,4840
    pantry-tree:
      sha256: 27d0f081a1b8243e2558a82776ab4725f3db131e69f042cc44a0d3987611ec01
      size: 657
  original:
    hackage: scientific-0.3.7.0@sha256:517444c944dad9db8235d7b311d7b9a0839a519ee3178288b5a9606256e0c7d8,4840
- completed:
    hackage: hashable-1.4.1.0@sha256:50b2f002c68fe67730ee7a3cd8607486197dd99b084255005ad51ecd6970a41b,5019
    pantry-tree:
      sha256: 9af2f7a42674f7effcabbebc043f97057240783f1709338a77f58216f4a5f18c
      size: 1248
  original:
    hackage: hashable-1.4.1.0@sha256:50b2f002c68fe67730ee7a3cd8607486197dd99b084255005ad51ecd6970a41b,5019
- completed:
    hackage: integer-logarithms-1.0.3.1@sha256:d59bfd1d39808217af2b68789d3c0e57cb7199d47405a276060d88fef4f4017d,3246
    pantry-tree:
      sha256: a74cf31b8152f5b761fe0133fe394012bb796f12242cdd3f49e538552b48fab7
      size: 865
  original:
    hackage: integer-logarithms-1.0.3.1@sha256:d59bfd1d39808217af2b68789d3c0e57cb7199d47405a276060d88fef4f4017d,3246
- completed:
    hackage: primitive-0.7.4.0@sha256:89b88a3e08493b7727fa4089b0692bfbdf7e1e666ef54635f458644eb8358764,2857
    pantry-tree:
      sha256: 71a850c658b70e869da19f61615d87d9d6ecec597f0e3d4b498da56559114829
      size: 1655
  original:
    hackage: primitive-0.7.4.0@sha256:89b88a3e08493b7727fa4089b0692bfbdf7e1e666ef54635f458644eb8358764,2857
- completed:
    hackage: base-orphans-0.8.7@sha256:58d5514b688ec037f53b9d60097b9d87f6b3847da68f65124987d67222c3a334,3175
    pantry-tree:
      sha256: b2433cf19ebc5696130ecf39a3ed756cdb00fd508423643b0cdd6f125c9803da
      size: 1272
  original:
    hackage: base-orphans-0.8.7@sha256:58d5514b688ec037f53b9d60097b9d87f6b3847da68f65124987d67222c3a334,3175
snapshots: []
