# This file was autogenerated by Stack.
# You should not edit this file by hand.
# For more information, please see the documentation at:
#   https://docs.haskellstack.org/en/stable/lock_files

packages:
- completed:
    pantry-tree:
      sha256: c000c89989b64661a9bcabef1beeb6ad4713697eb371bdf9576526d460330fbd
      size: 1076
    hackage: regex-applicative-0.3.4@sha256:a8a15d4e053bab8e97428c62c9c2afa2420ad4e67f87e9bec64a22b3cc0e9f48,2609
  original:
    hackage: regex-applicative-0.3.4@sha256:a8a15d4e053bab8e97428c62c9c2afa2420ad4e67f87e9bec64a22b3cc0e9f48,2609
- completed:
    pantry-tree:
      sha256: 516449cf535bbfc78cf1a5795d28dd1e0f19b65a07c33a78b45566101fecc534
      size: 439
    hackage: split-0.2.3.5@sha256:f472fa7019647cacac3267742a6f7ac0a5c816f9890e80e4b826cd937436de87,2646
  original:
    hackage: split-0.2.3.5@sha256:f472fa7019647cacac3267742a6f7ac0a5c816f9890e80e4b826cd937436de87,2646
- completed:
    pantry-tree:
      sha256: c75d560af772af31db52401a905c850e8df1c474906fb0badee6ee064379a674
      size: 278
    hackage: filtrable-0.1.6.0@sha256:7e6fbfc8fffbbae46a5742065dd14e72f65ed2cd7bb3a8a32dbd86c6e4eec169,1825
  original:
    hackage: filtrable-0.1.6.0@sha256:7e6fbfc8fffbbae46a5742065dd14e72f65ed2cd7bb3a8a32dbd86c6e4eec169,1825
snapshots: []
